
Microsoft Visual Studio Solution File, Format Version 12.00
# Visual Studio Version 16
VisualStudioVersion = 16.0.31727.386
MinimumVisualStudioVersion = 10.0.40219.1
Project("{FAE04EC0-301F-11D3-BF4B-00C04F79EFBC}") = "Client", "ZT2Y9R_HFT_2021221.Client\Client.csproj", "{48E055AF-F9D8-41BB-A82A-5CF5D05BD244}"
EndProject
Project("{9A19103F-16F7-4668-BE54-9A1E7A4F7556}") = "ZT2Y9R_HFT_2021221.Models", "ZT2Y9R_HFT_2021221.Models\ZT2Y9R_HFT_2021221.Models.csproj", "{850B40C2-64FD-4A57-BA8D-87BD0428725D}"
EndProject
Project("{9A19103F-16F7-4668-BE54-9A1E7A4F7556}") = "ZT2Y9R_HFT_2021221.Data", "ZT2Y9R_HFT_2021221.Data\ZT2Y9R_HFT_2021221.Data.csproj", "{B1998C49-86D7-415D-AB14-7B70E80037F1}"
EndProject
Project("{9A19103F-16F7-4668-BE54-9A1E7A4F7556}") = "ZT2Y9R_HFT_2021221.Logic", "ZT2Y9R_HFT_2021221.Logic\ZT2Y9R_HFT_2021221.Logic.csproj", "{0B7465C7-0A0C-404F-9448-CD7A6A17B8EC}"
EndProject
Project("{9A19103F-16F7-4668-BE54-9A1E7A4F7556}") = "ZT2Y9R_HFT_2021221.Repository", "ZT2Y9R_HFT_2021221.Repository\ZT2Y9R_HFT_2021221.Repository.csproj", "{B8771546-F9B1-47AF-8E5E-DE936D1CBB7E}"
EndProject
Project("{9A19103F-16F7-4668-BE54-9A1E7A4F7556}") = "ZT2Y9R_HFT_2021221.Endpoint", "ZT2Y9R_HFT_2021221.Endpoint\ZT2Y9R_HFT_2021221.Endpoint.csproj", "{250DCD0E-73FE-4486-8C77-D1092033D384}"
EndProject
Project("{9A19103F-16F7-4668-BE54-9A1E7A4F7556}") = "ZT2Y9R_HFT_2021221.Test", "ZT2Y9R_HFT_2021221.Test\ZT2Y9R_HFT_2021221.Test.csproj", "{3054EB32-DC70-4E72-A81C-D2BB84720B75}"
EndProject
Project("{2150E333-8FDC-42A3-9474-1A3956D46DE8}") = "Backend", "Backend", "{B3098D4F-501F-4B4B-9148-0F1C6126BD73}"
EndProject
Project("{2150E333-8FDC-42A3-9474-1A3956D46DE8}") = "Frontend", "Frontend", "{955C07D5-7732-407B-93BF-ACEEF184AF8A}"
EndProject
Project("{2150E333-8FDC-42A3-9474-1A3956D46DE8}") = "Shared", "Shared", "{DE74F397-3F39-4CF2-AA2A-4BFAE85CC675}"
EndProject
Global
	GlobalSection(SolutionConfigurationPlatforms) = preSolution
		Debug|Any CPU = Debug|Any CPU
		Release|Any CPU = Release|Any CPU
	EndGlobalSection
	GlobalSection(ProjectConfigurationPlatforms) = postSolution
		{48E055AF-F9D8-41BB-A82A-5CF5D05BD244}.Debug|Any CPU.ActiveCfg = Debug|Any CPU
		{48E055AF-F9D8-41BB-A82A-5CF5D05BD244}.Debug|Any CPU.Build.0 = Debug|Any CPU
		{48E055AF-F9D8-41BB-A82A-5CF5D05BD244}.Release|Any CPU.ActiveCfg = Release|Any CPU
		{48E055AF-F9D8-41BB-A82A-5CF5D05BD244}.Release|Any CPU.Build.0 = Release|Any CPU
		{850B40C2-64FD-4A57-BA8D-87BD0428725D}.Debug|Any CPU.ActiveCfg = Debug|Any CPU
		{850B40C2-64FD-4A57-BA8D-87BD0428725D}.Debug|Any CPU.Build.0 = Debug|Any CPU
		{850B40C2-64FD-4A57-BA8D-87BD0428725D}.Release|Any CPU.ActiveCfg = Release|Any CPU
		{850B40C2-64FD-4A57-BA8D-87BD0428725D}.Release|Any CPU.Build.0 = Release|Any CPU
		{B1998C49-86D7-415D-AB14-7B70E80037F1}.Debug|Any CPU.ActiveCfg = Debug|Any CPU
		{B1998C49-86D7-415D-AB14-7B70E80037F1}.Debug|Any CPU.Build.0 = Debug|Any CPU
		{B1998C49-86D7-415D-AB14-7B70E80037F1}.Release|Any CPU.ActiveCfg = Release|Any CPU
		{B1998C49-86D7-415D-AB14-7B70E80037F1}.Release|Any CPU.Build.0 = Release|Any CPU
		{0B7465C7-0A0C-404F-9448-CD7A6A17B8EC}.Debug|Any CPU.ActiveCfg = Debug|Any CPU
		{0B7465C7-0A0C-404F-9448-CD7A6A17B8EC}.Debug|Any CPU.Build.0 = Debug|Any CPU
		{0B7465C7-0A0C-404F-9448-CD7A6A17B8EC}.Release|Any CPU.ActiveCfg = Release|Any CPU
		{0B7465C7-0A0C-404F-9448-CD7A6A17B8EC}.Release|Any CPU.Build.0 = Release|Any CPU
		{B8771546-F9B1-47AF-8E5E-DE936D1CBB7E}.Debug|Any CPU.ActiveCfg = Debug|Any CPU
		{B8771546-F9B1-47AF-8E5E-DE936D1CBB7E}.Debug|Any CPU.Build.0 = Debug|Any CPU
		{B8771546-F9B1-47AF-8E5E-DE936D1CBB7E}.Release|Any CPU.ActiveCfg = Release|Any CPU
		{B8771546-F9B1-47AF-8E5E-DE936D1CBB7E}.Release|Any CPU.Build.0 = Release|Any CPU
		{250DCD0E-73FE-4486-8C77-D1092033D384}.Debug|Any CPU.ActiveCfg = Debug|Any CPU
		{250DCD0E-73FE-4486-8C77-D1092033D384}.Debug|Any CPU.Build.0 = Debug|Any CPU
		{250DCD0E-73FE-4486-8C77-D1092033D384}.Release|Any CPU.ActiveCfg = Release|Any CPU
		{250DCD0E-73FE-4486-8C77-D1092033D384}.Release|Any CPU.Build.0 = Release|Any CPU
		{3054EB32-DC70-4E72-A81C-D2BB84720B75}.Debug|Any CPU.ActiveCfg = Debug|Any CPU
		{3054EB32-DC70-4E72-A81C-D2BB84720B75}.Debug|Any CPU.Build.0 = Debug|Any CPU
		{3054EB32-DC70-4E72-A81C-D2BB84720B75}.Release|Any CPU.ActiveCfg = Release|Any CPU
		{3054EB32-DC70-4E72-A81C-D2BB84720B75}.Release|Any CPU.Build.0 = Release|Any CPU
	EndGlobalSection
	GlobalSection(SolutionProperties) = preSolution
		HideSolutionNode = FALSE
	EndGlobalSection
	GlobalSection(NestedProjects) = preSolution
		{48E055AF-F9D8-41BB-A82A-5CF5D05BD244} = {955C07D5-7732-407B-93BF-ACEEF184AF8A}
		{850B40C2-64FD-4A57-BA8D-87BD0428725D} = {DE74F397-3F39-4CF2-AA2A-4BFAE85CC675}
		{B1998C49-86D7-415D-AB14-7B70E80037F1} = {B3098D4F-501F-4B4B-9148-0F1C6126BD73}
		{0B7465C7-0A0C-404F-9448-CD7A6A17B8EC} = {B3098D4F-501F-4B4B-9148-0F1C6126BD73}
		{B8771546-F9B1-47AF-8E5E-DE936D1CBB7E} = {B3098D4F-501F-4B4B-9148-0F1C6126BD73}
		{250DCD0E-73FE-4486-8C77-D1092033D384} = {B3098D4F-501F-4B4B-9148-0F1C6126BD73}
		{3054EB32-DC70-4E72-A81C-D2BB84720B75} = {B3098D4F-501F-4B4B-9148-0F1C6126BD73}
	EndGlobalSection
	GlobalSection(ExtensibilityGlobals) = postSolution
		SolutionGuid = {EBA7DED3-DCB3-43B9-96B9-731141E074BB}
	EndGlobalSection
EndGlobal
